// !$*UTF8*$!
{
	archiveVersion = 1;
	classes = {
	};
	objectVersion = 48;
	objects = {

/* Begin PBXBuildFile section */
		4D458DEBCA6B2E3B0C3498AB /* libPods-NorlifeUITests.a in Frameworks */ = {isa = PBXBuildFile; fileRef = 327B126B45AE22C28D70D1AD /* libPods-NorlifeUITests.a */; };
		942244111FC9FD1B00A83A62 /* DailyFeedbackCollectionViewCell.m in Sources */ = {isa = PBXBuildFile; fileRef = 9422440F1FC9FD1B00A83A62 /* DailyFeedbackCollectionViewCell.m */; };
		942244121FC9FD1B00A83A62 /* DailyFeedbackCollectionViewCell.xib in Resources */ = {isa = PBXBuildFile; fileRef = 942244101FC9FD1B00A83A62 /* DailyFeedbackCollectionViewCell.xib */; };
		942244151FC9FE5A00A83A62 /* checkmark_icon.png in Resources */ = {isa = PBXBuildFile; fileRef = 942244131FC9FE5900A83A62 /* checkmark_icon.png */; };
		942244161FC9FE5A00A83A62 /* cross_mark_icon.png in Resources */ = {isa = PBXBuildFile; fileRef = 942244141FC9FE5900A83A62 /* cross_mark_icon.png */; };
		94259F7E1FC944C70067320B /* DailyScoreViewController.m in Sources */ = {isa = PBXBuildFile; fileRef = 94259F7C1FC944C70067320B /* DailyScoreViewController.m */; };
		94259F7F1FC944C70067320B /* DailyScoreViewController.xib in Resources */ = {isa = PBXBuildFile; fileRef = 94259F7D1FC944C70067320B /* DailyScoreViewController.xib */; };
		94259F831FC946460067320B /* TrendsScoreViewController.m in Sources */ = {isa = PBXBuildFile; fileRef = 94259F811FC946460067320B /* TrendsScoreViewController.m */; };
		94259F841FC946460067320B /* TrendsScoreViewController.xib in Resources */ = {isa = PBXBuildFile; fileRef = 94259F821FC946460067320B /* TrendsScoreViewController.xib */; };
		94259F8A1FC94AED0067320B /* UIColor+Norlife.m in Sources */ = {isa = PBXBuildFile; fileRef = 94259F891FC94AED0067320B /* UIColor+Norlife.m */; };
		94259F901FC955B30067320B /* calendar_icon.png in Resources */ = {isa = PBXBuildFile; fileRef = 94259F8E1FC955B30067320B /* calendar_icon.png */; };
		94259F911FC955B30067320B /* combo_chart_icon.png in Resources */ = {isa = PBXBuildFile; fileRef = 94259F8F1FC955B30067320B /* combo_chart_icon.png */; };
		94259F941FC957760067320B /* FoodClassifierHandler.m in Sources */ = {isa = PBXBuildFile; fileRef = 94259F931FC957760067320B /* FoodClassifierHandler.m */; };
		94259F961FC957D30067320B /* constants.json in Resources */ = {isa = PBXBuildFile; fileRef = 94259F951FC957D30067320B /* constants.json */; };
		946662081FC89FFC0033D494 /* SOStepDetector.m in Sources */ = {isa = PBXBuildFile; fileRef = 946662051FC89FFC0033D494 /* SOStepDetector.m */; };
		946662091FC89FFC0033D494 /* SOLocationManager.m in Sources */ = {isa = PBXBuildFile; fileRef = 946662061FC89FFC0033D494 /* SOLocationManager.m */; };
		9466620A1FC89FFC0033D494 /* SOMotionDetector.m in Sources */ = {isa = PBXBuildFile; fileRef = 946662071FC89FFC0033D494 /* SOMotionDetector.m */; };
		9466620E1FC8A32F0033D494 /* Constants.m in Sources */ = {isa = PBXBuildFile; fileRef = 9466620D1FC8A32F0033D494 /* Constants.m */; };
		946662111FC8AA8F0033D494 /* HealthKitDataManager.m in Sources */ = {isa = PBXBuildFile; fileRef = 946662101FC8AA8F0033D494 /* HealthKitDataManager.m */; };
		946662141FC8B0CA0033D494 /* HealthKit.framework in Frameworks */ = {isa = PBXBuildFile; fileRef = 946662131FC8B0CA0033D494 /* HealthKit.framework */; };
		946662171FC8B9350033D494 /* LocationDataManager.m in Sources */ = {isa = PBXBuildFile; fileRef = 946662161FC8B9350033D494 /* LocationDataManager.m */; };
		94851B8E1FC9D207009E11B2 /* DailyScoreView.m in Sources */ = {isa = PBXBuildFile; fileRef = 94851B8D1FC9D207009E11B2 /* DailyScoreView.m */; };
		94851B901FC9D215009E11B2 /* DailyScoreView.xib in Resources */ = {isa = PBXBuildFile; fileRef = 94851B8F1FC9D215009E11B2 /* DailyScoreView.xib */; };
		94A2B7441FC89D2700B84598 /* AppDelegate.m in Sources */ = {isa = PBXBuildFile; fileRef = 94A2B7431FC89D2700B84598 /* AppDelegate.m */; };
		94A2B7471FC89D2700B84598 /* ViewController.m in Sources */ = {isa = PBXBuildFile; fileRef = 94A2B7461FC89D2700B84598 /* ViewController.m */; };
		94A2B74A1FC89D2700B84598 /* Main.storyboard in Resources */ = {isa = PBXBuildFile; fileRef = 94A2B7481FC89D2700B84598 /* Main.storyboard */; };
		94A2B74C1FC89D2700B84598 /* Assets.xcassets in Resources */ = {isa = PBXBuildFile; fileRef = 94A2B74B1FC89D2700B84598 /* Assets.xcassets */; };
		94A2B74F1FC89D2700B84598 /* LaunchScreen.storyboard in Resources */ = {isa = PBXBuildFile; fileRef = 94A2B74D1FC89D2700B84598 /* LaunchScreen.storyboard */; };
		94A2B7521FC89D2700B84598 /* main.m in Sources */ = {isa = PBXBuildFile; fileRef = 94A2B7511FC89D2700B84598 /* main.m */; };
		94A2B75C1FC89D2700B84598 /* NorlifeUITests.m in Sources */ = {isa = PBXBuildFile; fileRef = 94A2B75B1FC89D2700B84598 /* NorlifeUITests.m */; };
		94C220A71FC9AFB4009F696D /* WMGaugeView.m in Sources */ = {isa = PBXBuildFile; fileRef = 94C220A01FC9AFB3009F696D /* WMGaugeView.m */; };
		94C220A81FC9AFB4009F696D /* WMGaugeViewStyle3D.m in Sources */ = {isa = PBXBuildFile; fileRef = 94C220A31FC9AFB4009F696D /* WMGaugeViewStyle3D.m */; };
		94C220A91FC9AFB4009F696D /* WMGaugeViewStyleFlatThin.m in Sources */ = {isa = PBXBuildFile; fileRef = 94C220A51FC9AFB4009F696D /* WMGaugeViewStyleFlatThin.m */; };
		CFD1CB240428949FE5D34FE1 /* libPods-Norlife.a in Frameworks */ = {isa = PBXBuildFile; fileRef = 6CAB9369446DC6B02F7ABF5D /* libPods-Norlife.a */; };
/* End PBXBuildFile section */

/* Begin PBXContainerItemProxy section */
		94A2B7581FC89D2700B84598 /* PBXContainerItemProxy */ = {
			isa = PBXContainerItemProxy;
			containerPortal = 94A2B7371FC89D2700B84598 /* Project object */;
			proxyType = 1;
			remoteGlobalIDString = 94A2B73E1FC89D2700B84598;
			remoteInfo = Norlife;
		};
/* End PBXContainerItemProxy section */

/* Begin PBXFileReference section */
		0A49AABB0AEB17ED254D924F /* Pods-NorlifeUITests.release.xcconfig */ = {isa = PBXFileReference; includeInIndex = 1; lastKnownFileType = text.xcconfig; name = "Pods-NorlifeUITests.release.xcconfig"; path = "Pods/Target Support Files/Pods-NorlifeUITests/Pods-NorlifeUITests.release.xcconfig"; sourceTree = "<group>"; };
		327B126B45AE22C28D70D1AD /* libPods-NorlifeUITests.a */ = {isa = PBXFileReference; explicitFileType = archive.ar; includeInIndex = 0; path = "libPods-NorlifeUITests.a"; sourceTree = BUILT_PRODUCTS_DIR; };
		493D2955C981D33144A12406 /* Pods-NorlifeUITests.debug.xcconfig */ = {isa = PBXFileReference; includeInIndex = 1; lastKnownFileType = text.xcconfig; name = "Pods-NorlifeUITests.debug.xcconfig"; path = "Pods/Target Support Files/Pods-NorlifeUITests/Pods-NorlifeUITests.debug.xcconfig"; sourceTree = "<group>"; };
		6CAB9369446DC6B02F7ABF5D /* libPods-Norlife.a */ = {isa = PBXFileReference; explicitFileType = archive.ar; includeInIndex = 0; path = "libPods-Norlife.a"; sourceTree = BUILT_PRODUCTS_DIR; };
		8B5E548F739D3192FACB1201 /* Pods-Norlife.release.xcconfig */ = {isa = PBXFileReference; includeInIndex = 1; lastKnownFileType = text.xcconfig; name = "Pods-Norlife.release.xcconfig"; path = "Pods/Target Support Files/Pods-Norlife/Pods-Norlife.release.xcconfig"; sourceTree = "<group>"; };
		9422440E1FC9FD1B00A83A62 /* DailyFeedbackCollectionViewCell.h */ = {isa = PBXFileReference; lastKnownFileType = sourcecode.c.h; path = DailyFeedbackCollectionViewCell.h; sourceTree = "<group>"; };
		9422440F1FC9FD1B00A83A62 /* DailyFeedbackCollectionViewCell.m */ = {isa = PBXFileReference; lastKnownFileType = sourcecode.c.objc; path = DailyFeedbackCollectionViewCell.m; sourceTree = "<group>"; };
		942244101FC9FD1B00A83A62 /* DailyFeedbackCollectionViewCell.xib */ = {isa = PBXFileReference; lastKnownFileType = file.xib; path = DailyFeedbackCollectionViewCell.xib; sourceTree = "<group>"; };
		942244131FC9FE5900A83A62 /* checkmark_icon.png */ = {isa = PBXFileReference; lastKnownFileType = image.png; path = checkmark_icon.png; sourceTree = "<group>"; };
		942244141FC9FE5900A83A62 /* cross_mark_icon.png */ = {isa = PBXFileReference; lastKnownFileType = image.png; path = cross_mark_icon.png; sourceTree = "<group>"; };
		94259F7B1FC944C70067320B /* DailyScoreViewController.h */ = {isa = PBXFileReference; lastKnownFileType = sourcecode.c.h; path = DailyScoreViewController.h; sourceTree = "<group>"; };
		94259F7C1FC944C70067320B /* DailyScoreViewController.m */ = {isa = PBXFileReference; lastKnownFileType = sourcecode.c.objc; path = DailyScoreViewController.m; sourceTree = "<group>"; };
		94259F7D1FC944C70067320B /* DailyScoreViewController.xib */ = {isa = PBXFileReference; lastKnownFileType = file.xib; path = DailyScoreViewController.xib; sourceTree = "<group>"; };
		94259F801FC946460067320B /* TrendsScoreViewController.h */ = {isa = PBXFileReference; lastKnownFileType = sourcecode.c.h; path = TrendsScoreViewController.h; sourceTree = "<group>"; };
		94259F811FC946460067320B /* TrendsScoreViewController.m */ = {isa = PBXFileReference; lastKnownFileType = sourcecode.c.objc; path = TrendsScoreViewController.m; sourceTree = "<group>"; };
		94259F821FC946460067320B /* TrendsScoreViewController.xib */ = {isa = PBXFileReference; lastKnownFileType = file.xib; path = TrendsScoreViewController.xib; sourceTree = "<group>"; };
		94259F881FC94AED0067320B /* UIColor+Norlife.h */ = {isa = PBXFileReference; lastKnownFileType = sourcecode.c.h; path = "UIColor+Norlife.h"; sourceTree = "<group>"; };
		94259F891FC94AED0067320B /* UIColor+Norlife.m */ = {isa = PBXFileReference; lastKnownFileType = sourcecode.c.objc; path = "UIColor+Norlife.m"; sourceTree = "<group>"; };
		94259F8E1FC955B30067320B /* calendar_icon.png */ = {isa = PBXFileReference; lastKnownFileType = image.png; path = calendar_icon.png; sourceTree = "<group>"; };
		94259F8F1FC955B30067320B /* combo_chart_icon.png */ = {isa = PBXFileReference; lastKnownFileType = image.png; path = combo_chart_icon.png; sourceTree = "<group>"; };
		94259F921FC957760067320B /* FoodClassifierHandler.h */ = {isa = PBXFileReference; lastKnownFileType = sourcecode.c.h; path = FoodClassifierHandler.h; sourceTree = "<group>"; };
		94259F931FC957760067320B /* FoodClassifierHandler.m */ = {isa = PBXFileReference; lastKnownFileType = sourcecode.c.objc; path = FoodClassifierHandler.m; sourceTree = "<group>"; };
		94259F951FC957D30067320B /* constants.json */ = {isa = PBXFileReference; lastKnownFileType = text.json; path = constants.json; sourceTree = "<group>"; };
		946662021FC89FFC0033D494 /* SOStepDetector.h */ = {isa = PBXFileReference; fileEncoding = 4; lastKnownFileType = sourcecode.c.h; path = SOStepDetector.h; sourceTree = "<group>"; };
		946662031FC89FFC0033D494 /* SOMotionDetector.h */ = {isa = PBXFileReference; fileEncoding = 4; lastKnownFileType = sourcecode.c.h; path = SOMotionDetector.h; sourceTree = "<group>"; };
		946662041FC89FFC0033D494 /* SOLocationManager.h */ = {isa = PBXFileReference; fileEncoding = 4; lastKnownFileType = sourcecode.c.h; path = SOLocationManager.h; sourceTree = "<group>"; };
		946662051FC89FFC0033D494 /* SOStepDetector.m */ = {isa = PBXFileReference; fileEncoding = 4; lastKnownFileType = sourcecode.c.objc; path = SOStepDetector.m; sourceTree = "<group>"; };
		946662061FC89FFC0033D494 /* SOLocationManager.m */ = {isa = PBXFileReference; fileEncoding = 4; lastKnownFileType = sourcecode.c.objc; path = SOLocationManager.m; sourceTree = "<group>"; };
		946662071FC89FFC0033D494 /* SOMotionDetector.m */ = {isa = PBXFileReference; fileEncoding = 4; lastKnownFileType = sourcecode.c.objc; path = SOMotionDetector.m; sourceTree = "<group>"; };
		9466620C1FC8A32F0033D494 /* Constants.h */ = {isa = PBXFileReference; lastKnownFileType = sourcecode.c.h; path = Constants.h; sourceTree = "<group>"; };
		9466620D1FC8A32F0033D494 /* Constants.m */ = {isa = PBXFileReference; lastKnownFileType = sourcecode.c.objc; path = Constants.m; sourceTree = "<group>"; };
		9466620F1FC8AA8F0033D494 /* HealthKitDataManager.h */ = {isa = PBXFileReference; lastKnownFileType = sourcecode.c.h; path = HealthKitDataManager.h; sourceTree = "<group>"; };
		946662101FC8AA8F0033D494 /* HealthKitDataManager.m */ = {isa = PBXFileReference; lastKnownFileType = sourcecode.c.objc; path = HealthKitDataManager.m; sourceTree = "<group>"; };
		946662121FC8B0CA0033D494 /* Norlife.entitlements */ = {isa = PBXFileReference; lastKnownFileType = text.plist.entitlements; path = Norlife.entitlements; sourceTree = "<group>"; };
		946662131FC8B0CA0033D494 /* HealthKit.framework */ = {isa = PBXFileReference; lastKnownFileType = wrapper.framework; name = HealthKit.framework; path = System/Library/Frameworks/HealthKit.framework; sourceTree = SDKROOT; };
		946662151FC8B9350033D494 /* LocationDataManager.h */ = {isa = PBXFileReference; lastKnownFileType = sourcecode.c.h; path = LocationDataManager.h; sourceTree = "<group>"; };
		946662161FC8B9350033D494 /* LocationDataManager.m */ = {isa = PBXFileReference; lastKnownFileType = sourcecode.c.objc; path = LocationDataManager.m; sourceTree = "<group>"; };
		94851B8C1FC9D207009E11B2 /* DailyScoreView.h */ = {isa = PBXFileReference; lastKnownFileType = sourcecode.c.h; path = DailyScoreView.h; sourceTree = "<group>"; };
		94851B8D1FC9D207009E11B2 /* DailyScoreView.m */ = {isa = PBXFileReference; lastKnownFileType = sourcecode.c.objc; path = DailyScoreView.m; sourceTree = "<group>"; };
		94851B8F1FC9D215009E11B2 /* DailyScoreView.xib */ = {isa = PBXFileReference; lastKnownFileType = file.xib; path = DailyScoreView.xib; sourceTree = "<group>"; };
		94A2B73F1FC89D2700B84598 /* Norlife.app */ = {isa = PBXFileReference; explicitFileType = wrapper.application; includeInIndex = 0; path = Norlife.app; sourceTree = BUILT_PRODUCTS_DIR; };
		94A2B7421FC89D2700B84598 /* AppDelegate.h */ = {isa = PBXFileReference; lastKnownFileType = sourcecode.c.h; path = AppDelegate.h; sourceTree = "<group>"; };
		94A2B7431FC89D2700B84598 /* AppDelegate.m */ = {isa = PBXFileReference; lastKnownFileType = sourcecode.c.objc; path = AppDelegate.m; sourceTree = "<group>"; };
		94A2B7451FC89D2700B84598 /* ViewController.h */ = {isa = PBXFileReference; lastKnownFileType = sourcecode.c.h; path = ViewController.h; sourceTree = "<group>"; };
		94A2B7461FC89D2700B84598 /* ViewController.m */ = {isa = PBXFileReference; lastKnownFileType = sourcecode.c.objc; path = ViewController.m; sourceTree = "<group>"; };
		94A2B7491FC89D2700B84598 /* Base */ = {isa = PBXFileReference; lastKnownFileType = file.storyboard; name = Base; path = Base.lproj/Main.storyboard; sourceTree = "<group>"; };
		94A2B74B1FC89D2700B84598 /* Assets.xcassets */ = {isa = PBXFileReference; lastKnownFileType = folder.assetcatalog; path = Assets.xcassets; sourceTree = "<group>"; };
		94A2B74E1FC89D2700B84598 /* Base */ = {isa = PBXFileReference; lastKnownFileType = file.storyboard; name = Base; path = Base.lproj/LaunchScreen.storyboard; sourceTree = "<group>"; };
		94A2B7501FC89D2700B84598 /* Info.plist */ = {isa = PBXFileReference; lastKnownFileType = text.plist.xml; path = Info.plist; sourceTree = "<group>"; };
		94A2B7511FC89D2700B84598 /* main.m */ = {isa = PBXFileReference; lastKnownFileType = sourcecode.c.objc; path = main.m; sourceTree = "<group>"; };
		94A2B7571FC89D2700B84598 /* NorlifeUITests.xctest */ = {isa = PBXFileReference; explicitFileType = wrapper.cfbundle; includeInIndex = 0; path = NorlifeUITests.xctest; sourceTree = BUILT_PRODUCTS_DIR; };
		94A2B75B1FC89D2700B84598 /* NorlifeUITests.m */ = {isa = PBXFileReference; lastKnownFileType = sourcecode.c.objc; path = NorlifeUITests.m; sourceTree = "<group>"; };
		94A2B75D1FC89D2700B84598 /* Info.plist */ = {isa = PBXFileReference; lastKnownFileType = text.plist.xml; path = Info.plist; sourceTree = "<group>"; };
		94C220A01FC9AFB3009F696D /* WMGaugeView.m */ = {isa = PBXFileReference; fileEncoding = 4; lastKnownFileType = sourcecode.c.objc; path = WMGaugeView.m; sourceTree = "<group>"; };
		94C220A11FC9AFB3009F696D /* WMGaugeViewStyleFlatThin.h */ = {isa = PBXFileReference; fileEncoding = 4; lastKnownFileType = sourcecode.c.h; path = WMGaugeViewStyleFlatThin.h; sourceTree = "<group>"; };
		94C220A21FC9AFB3009F696D /* WMGaugeViewStyle3D.h */ = {isa = PBXFileReference; fileEncoding = 4; lastKnownFileType = sourcecode.c.h; path = WMGaugeViewStyle3D.h; sourceTree = "<group>"; };
		94C220A31FC9AFB4009F696D /* WMGaugeViewStyle3D.m */ = {isa = PBXFileReference; fileEncoding = 4; lastKnownFileType = sourcecode.c.objc; path = WMGaugeViewStyle3D.m; sourceTree = "<group>"; };
		94C220A41FC9AFB4009F696D /* WMGaugeViewStyle.h */ = {isa = PBXFileReference; fileEncoding = 4; lastKnownFileType = sourcecode.c.h; path = WMGaugeViewStyle.h; sourceTree = "<group>"; };
		94C220A51FC9AFB4009F696D /* WMGaugeViewStyleFlatThin.m */ = {isa = PBXFileReference; fileEncoding = 4; lastKnownFileType = sourcecode.c.objc; path = WMGaugeViewStyleFlatThin.m; sourceTree = "<group>"; };
		94C220A61FC9AFB4009F696D /* WMGaugeView.h */ = {isa = PBXFileReference; fileEncoding = 4; lastKnownFileType = sourcecode.c.h; path = WMGaugeView.h; sourceTree = "<group>"; };
		9BC903D39E2E479F8EBFC58C /* Pods-Norlife.debug.xcconfig */ = {isa = PBXFileReference; includeInIndex = 1; lastKnownFileType = text.xcconfig; name = "Pods-Norlife.debug.xcconfig"; path = "Pods/Target Support Files/Pods-Norlife/Pods-Norlife.debug.xcconfig"; sourceTree = "<group>"; };
/* End PBXFileReference section */

/* Begin PBXFrameworksBuildPhase section */
		94A2B73C1FC89D2700B84598 /* Frameworks */ = {
			isa = PBXFrameworksBuildPhase;
			buildActionMask = 2147483647;
			files = (
				946662141FC8B0CA0033D494 /* HealthKit.framework in Frameworks */,
				CFD1CB240428949FE5D34FE1 /* libPods-Norlife.a in Frameworks */,
			);
			runOnlyForDeploymentPostprocessing = 0;
		};
		94A2B7541FC89D2700B84598 /* Frameworks */ = {
			isa = PBXFrameworksBuildPhase;
			buildActionMask = 2147483647;
			files = (
				4D458DEBCA6B2E3B0C3498AB /* libPods-NorlifeUITests.a in Frameworks */,
			);
			runOnlyForDeploymentPostprocessing = 0;
		};
/* End PBXFrameworksBuildPhase section */

/* Begin PBXGroup section */
		1BCA09F0D927C0B4B96173BD /* Pods */ = {
			isa = PBXGroup;
			children = (
				9BC903D39E2E479F8EBFC58C /* Pods-Norlife.debug.xcconfig */,
				8B5E548F739D3192FACB1201 /* Pods-Norlife.release.xcconfig */,
				493D2955C981D33144A12406 /* Pods-NorlifeUITests.debug.xcconfig */,
				0A49AABB0AEB17ED254D924F /* Pods-NorlifeUITests.release.xcconfig */,
			);
			name = Pods;
			sourceTree = "<group>";
		};
		4EF678D8477F6C5FD9B582DB /* Frameworks */ = {
			isa = PBXGroup;
			children = (
				946662131FC8B0CA0033D494 /* HealthKit.framework */,
				6CAB9369446DC6B02F7ABF5D /* libPods-Norlife.a */,
				327B126B45AE22C28D70D1AD /* libPods-NorlifeUITests.a */,
			);
			name = Frameworks;
			sourceTree = "<group>";
		};
		942244171FCA131100A83A62 /* Feedback View */ = {
			isa = PBXGroup;
			children = (
				9422440E1FC9FD1B00A83A62 /* DailyFeedbackCollectionViewCell.h */,
				9422440F1FC9FD1B00A83A62 /* DailyFeedbackCollectionViewCell.m */,
				942244101FC9FD1B00A83A62 /* DailyFeedbackCollectionViewCell.xib */,
			);
			path = "Feedback View";
			sourceTree = "<group>";
		};
		94259F851FC94A3B0067320B /* TrendsViewController */ = {
			isa = PBXGroup;
			children = (
				94259F801FC946460067320B /* TrendsScoreViewController.h */,
				94259F811FC946460067320B /* TrendsScoreViewController.m */,
				94259F821FC946460067320B /* TrendsScoreViewController.xib */,
			);
			path = TrendsViewController;
			sourceTree = "<group>";
		};
		94259F861FC94A460067320B /* DailyViewController */ = {
			isa = PBXGroup;
			children = (
				942244171FCA131100A83A62 /* Feedback View */,
				94259F7B1FC944C70067320B /* DailyScoreViewController.h */,
				94259F7C1FC944C70067320B /* DailyScoreViewController.m */,
				94259F7D1FC944C70067320B /* DailyScoreViewController.xib */,
				94851B911FC9E1BE009E11B2 /* Daily Score View */,
			);
			path = DailyViewController;
			sourceTree = "<group>";
		};
		94259F8B1FC94BA60067320B /* Extensions */ = {
			isa = PBXGroup;
			children = (
				94259F881FC94AED0067320B /* UIColor+Norlife.h */,
				94259F891FC94AED0067320B /* UIColor+Norlife.m */,
			);
			path = Extensions;
			sourceTree = "<group>";
		};
		946662011FC89FFC0033D494 /* SOMotionDetector */ = {
			isa = PBXGroup;
			children = (
				946662021FC89FFC0033D494 /* SOStepDetector.h */,
				946662031FC89FFC0033D494 /* SOMotionDetector.h */,
				946662041FC89FFC0033D494 /* SOLocationManager.h */,
				946662051FC89FFC0033D494 /* SOStepDetector.m */,
				946662061FC89FFC0033D494 /* SOLocationManager.m */,
				946662071FC89FFC0033D494 /* SOMotionDetector.m */,
			);
			path = SOMotionDetector;
			sourceTree = "<group>";
		};
		94851B881FC9B050009E11B2 /* WMGaugeView */ = {
			isa = PBXGroup;
			children = (
				94C220A61FC9AFB4009F696D /* WMGaugeView.h */,
				94C220A01FC9AFB3009F696D /* WMGaugeView.m */,
				94C220A41FC9AFB4009F696D /* WMGaugeViewStyle.h */,
				94C220A21FC9AFB3009F696D /* WMGaugeViewStyle3D.h */,
				94C220A31FC9AFB4009F696D /* WMGaugeViewStyle3D.m */,
				94C220A11FC9AFB3009F696D /* WMGaugeViewStyleFlatThin.h */,
				94C220A51FC9AFB4009F696D /* WMGaugeViewStyleFlatThin.m */,
			);
			path = WMGaugeView;
			sourceTree = "<group>";
		};
		94851B911FC9E1BE009E11B2 /* Daily Score View */ = {
			isa = PBXGroup;
			children = (
				94851B8C1FC9D207009E11B2 /* DailyScoreView.h */,
				94851B8D1FC9D207009E11B2 /* DailyScoreView.m */,
				94851B8F1FC9D215009E11B2 /* DailyScoreView.xib */,
			);
			path = "Daily Score View";
			sourceTree = "<group>";
		};
		94A2B7361FC89D2700B84598 = {
			isa = PBXGroup;
			children = (
				94A2B7411FC89D2700B84598 /* Norlife */,
				94A2B75A1FC89D2700B84598 /* NorlifeUITests */,
				94A2B7401FC89D2700B84598 /* Products */,
				1BCA09F0D927C0B4B96173BD /* Pods */,
				4EF678D8477F6C5FD9B582DB /* Frameworks */,
			);
			sourceTree = "<group>";
		};
		94A2B7401FC89D2700B84598 /* Products */ = {
			isa = PBXGroup;
			children = (
				94A2B73F1FC89D2700B84598 /* Norlife.app */,
				94A2B7571FC89D2700B84598 /* NorlifeUITests.xctest */,
			);
			name = Products;
			sourceTree = "<group>";
		};
		94A2B7411FC89D2700B84598 /* Norlife */ = {
			isa = PBXGroup;
			children = (
				946662121FC8B0CA0033D494 /* Norlife.entitlements */,
				94259F8B1FC94BA60067320B /* Extensions */,
				94851B881FC9B050009E11B2 /* WMGaugeView */,
				946662011FC89FFC0033D494 /* SOMotionDetector */,
				94C6FB151FC8C7740089DBA8 /* HealthKit */,
				94C6FB161FC8C77B0089DBA8 /* Location */,
				94C6FB171FC8C7850089DBA8 /* Constants */,
				94259F861FC94A460067320B /* DailyViewController */,
				94259F851FC94A3B0067320B /* TrendsViewController */,
				94259F921FC957760067320B /* FoodClassifierHandler.h */,
				94259F931FC957760067320B /* FoodClassifierHandler.m */,
				94A2B7421FC89D2700B84598 /* AppDelegate.h */,
				94A2B7431FC89D2700B84598 /* AppDelegate.m */,
				94A2B7451FC89D2700B84598 /* ViewController.h */,
				94A2B7461FC89D2700B84598 /* ViewController.m */,
				94A2B7481FC89D2700B84598 /* Main.storyboard */,
				94A2B74B1FC89D2700B84598 /* Assets.xcassets */,
				94A2B74D1FC89D2700B84598 /* LaunchScreen.storyboard */,
				94A2B7501FC89D2700B84598 /* Info.plist */,
				942244131FC9FE5900A83A62 /* checkmark_icon.png */,
				942244141FC9FE5900A83A62 /* cross_mark_icon.png */,
				94259F8E1FC955B30067320B /* calendar_icon.png */,
				94259F8F1FC955B30067320B /* combo_chart_icon.png */,
				94A2B7511FC89D2700B84598 /* main.m */,
			);
			path = Norlife;
			sourceTree = "<group>";
		};
		94A2B75A1FC89D2700B84598 /* NorlifeUITests */ = {
			isa = PBXGroup;
			children = (
				94A2B75B1FC89D2700B84598 /* NorlifeUITests.m */,
				94A2B75D1FC89D2700B84598 /* Info.plist */,
			);
			path = NorlifeUITests;
			sourceTree = "<group>";
		};
		94C6FB151FC8C7740089DBA8 /* HealthKit */ = {
			isa = PBXGroup;
			children = (
				9466620F1FC8AA8F0033D494 /* HealthKitDataManager.h */,
				946662101FC8AA8F0033D494 /* HealthKitDataManager.m */,
			);
			path = HealthKit;
			sourceTree = "<group>";
		};
		94C6FB161FC8C77B0089DBA8 /* Location */ = {
			isa = PBXGroup;
			children = (
				946662151FC8B9350033D494 /* LocationDataManager.h */,
				946662161FC8B9350033D494 /* LocationDataManager.m */,
			);
			path = Location;
			sourceTree = "<group>";
		};
		94C6FB171FC8C7850089DBA8 /* Constants */ = {
			isa = PBXGroup;
			children = (
				9466620C1FC8A32F0033D494 /* Constants.h */,
				9466620D1FC8A32F0033D494 /* Constants.m */,
				94259F951FC957D30067320B /* constants.json */,
			);
			path = Constants;
			sourceTree = "<group>";
		};
/* End PBXGroup section */

/* Begin PBXNativeTarget section */
		94A2B73E1FC89D2700B84598 /* Norlife */ = {
			isa = PBXNativeTarget;
			buildConfigurationList = 94A2B7601FC89D2700B84598 /* Build configuration list for PBXNativeTarget "Norlife" */;
			buildPhases = (
				332CEB2C6DEA6960E43A25DC /* [CP] Check Pods Manifest.lock */,
				94A2B73B1FC89D2700B84598 /* Sources */,
				94A2B73C1FC89D2700B84598 /* Frameworks */,
				94A2B73D1FC89D2700B84598 /* Resources */,
				04554EF1D66D5ADB049ADC14 /* [CP] Embed Pods Frameworks */,
				2DD305E4926127404145DFE7 /* [CP] Copy Pods Resources */,
			);
			buildRules = (
			);
			dependencies = (
			);
			name = Norlife;
			productName = Norlife;
			productReference = 94A2B73F1FC89D2700B84598 /* Norlife.app */;
			productType = "com.apple.product-type.application";
		};
		94A2B7561FC89D2700B84598 /* NorlifeUITests */ = {
			isa = PBXNativeTarget;
			buildConfigurationList = 94A2B7631FC89D2700B84598 /* Build configuration list for PBXNativeTarget "NorlifeUITests" */;
			buildPhases = (
				6AFEFA141F71EA3C4C0E9E15 /* [CP] Check Pods Manifest.lock */,
				94A2B7531FC89D2700B84598 /* Sources */,
				94A2B7541FC89D2700B84598 /* Frameworks */,
				94A2B7551FC89D2700B84598 /* Resources */,
				B9AF62CAFB648C22F96F2328 /* [CP] Embed Pods Frameworks */,
				50A5C182DE743DA9A29A0433 /* [CP] Copy Pods Resources */,
			);
			buildRules = (
			);
			dependencies = (
				94A2B7591FC89D2700B84598 /* PBXTargetDependency */,
			);
			name = NorlifeUITests;
			productName = NorlifeUITests;
			productReference = 94A2B7571FC89D2700B84598 /* NorlifeUITests.xctest */;
			productType = "com.apple.product-type.bundle.ui-testing";
		};
/* End PBXNativeTarget section */

/* Begin PBXProject section */
		94A2B7371FC89D2700B84598 /* Project object */ = {
			isa = PBXProject;
			attributes = {
				LastUpgradeCheck = 0910;
				ORGANIZATIONNAME = "Ryan D'souza";
				TargetAttributes = {
					94A2B73E1FC89D2700B84598 = {
						CreatedOnToolsVersion = 9.1;
						ProvisioningStyle = Automatic;
						SystemCapabilities = {
							com.apple.HealthKit = {
								enabled = 1;
							};
						};
					};
					94A2B7561FC89D2700B84598 = {
						CreatedOnToolsVersion = 9.1;
						ProvisioningStyle = Automatic;
						TestTargetID = 94A2B73E1FC89D2700B84598;
					};
				};
			};
			buildConfigurationList = 94A2B73A1FC89D2700B84598 /* Build configuration list for PBXProject "Norlife" */;
			compatibilityVersion = "Xcode 8.0";
			developmentRegion = en;
			hasScannedForEncodings = 0;
			knownRegions = (
				en,
				Base,
			);
			mainGroup = 94A2B7361FC89D2700B84598;
			productRefGroup = 94A2B7401FC89D2700B84598 /* Products */;
			projectDirPath = "";
			projectRoot = "";
			targets = (
				94A2B73E1FC89D2700B84598 /* Norlife */,
				94A2B7561FC89D2700B84598 /* NorlifeUITests */,
			);
		};
/* End PBXProject section */

/* Begin PBXResourcesBuildPhase section */
		94A2B73D1FC89D2700B84598 /* Resources */ = {
			isa = PBXResourcesBuildPhase;
			buildActionMask = 2147483647;
			files = (
				94259F841FC946460067320B /* TrendsScoreViewController.xib in Resources */,
				94A2B74F1FC89D2700B84598 /* LaunchScreen.storyboard in Resources */,
				94A2B74C1FC89D2700B84598 /* Assets.xcassets in Resources */,
				94259F961FC957D30067320B /* constants.json in Resources */,
				942244151FC9FE5A00A83A62 /* checkmark_icon.png in Resources */,
				94259F911FC955B30067320B /* combo_chart_icon.png in Resources */,
				94A2B74A1FC89D2700B84598 /* Main.storyboard in Resources */,
				94259F901FC955B30067320B /* calendar_icon.png in Resources */,
				942244121FC9FD1B00A83A62 /* DailyFeedbackCollectionViewCell.xib in Resources */,
				94259F7F1FC944C70067320B /* DailyScoreViewController.xib in Resources */,
				942244161FC9FE5A00A83A62 /* cross_mark_icon.png in Resources */,
				94851B901FC9D215009E11B2 /* DailyScoreView.xib in Resources */,
			);
			runOnlyForDeploymentPostprocessing = 0;
		};
		94A2B7551FC89D2700B84598 /* Resources */ = {
			isa = PBXResourcesBuildPhase;
			buildActionMask = 2147483647;
			files = (
			);
			runOnlyForDeploymentPostprocessing = 0;
		};
/* End PBXResourcesBuildPhase section */

/* Begin PBXShellScriptBuildPhase section */
		04554EF1D66D5ADB049ADC14 /* [CP] Embed Pods Frameworks */ = {
			isa = PBXShellScriptBuildPhase;
			buildActionMask = 2147483647;
			files = (
			);
			inputPaths = (
				"${SRCROOT}/Pods/Target Support Files/Pods-Norlife/Pods-Norlife-frameworks.sh",
				"${BUILT_PRODUCTS_DIR}/Fusuma/Fusuma.framework",
				"${BUILT_PRODUCTS_DIR}/ObjCMongoDB/ObjCMongoDB.framework",
				"${BUILT_PRODUCTS_DIR}/mongo-c-driver/mongo_c_driver.framework",
			);
			name = "[CP] Embed Pods Frameworks";
			outputPaths = (
				"${TARGET_BUILD_DIR}/${FRAMEWORKS_FOLDER_PATH}/Fusuma.framework",
				"${TARGET_BUILD_DIR}/${FRAMEWORKS_FOLDER_PATH}/ObjCMongoDB.framework",
				"${TARGET_BUILD_DIR}/${FRAMEWORKS_FOLDER_PATH}/mongo_c_driver.framework",
			);
			runOnlyForDeploymentPostprocessing = 0;
			shellPath = /bin/sh;
			shellScript = "\"${SRCROOT}/Pods/Target Support Files/Pods-Norlife/Pods-Norlife-frameworks.sh\"\n";
			showEnvVarsInLog = 0;
		};
		2DD305E4926127404145DFE7 /* [CP] Copy Pods Resources */ = {
			isa = PBXShellScriptBuildPhase;
			buildActionMask = 2147483647;
			files = (
			);
			inputPaths = (
				"${SRCROOT}/Pods/Target Support Files/Pods-Norlife/Pods-Norlife-resources.sh",
				"${PODS_ROOT}/TGCameraViewController/TGCameraViewController/Classes/View/Base.lproj/TGCameraAuthorizationViewController.xib",
				"${PODS_ROOT}/TGCameraViewController/TGCameraViewController/Classes/View/Base.lproj/TGCameraViewController.xib",
				"${PODS_ROOT}/TGCameraViewController/TGCameraViewController/Classes/View/Base.lproj/TGPhotoViewController.xib",
				"${PODS_ROOT}/TGCameraViewController/TGCameraViewController/TGCameraViewController.xcassets",
				"${PODS_ROOT}/TGCameraViewController/TGCameraViewController/Resources/TGCameraViewController.bundle",
			);
			name = "[CP] Copy Pods Resources";
			outputPaths = (
				"${TARGET_BUILD_DIR}/${UNLOCALIZED_RESOURCES_FOLDER_PATH}",
			);
			runOnlyForDeploymentPostprocessing = 0;
			shellPath = /bin/sh;
			shellScript = "\"${SRCROOT}/Pods/Target Support Files/Pods-Norlife/Pods-Norlife-resources.sh\"\n";
			showEnvVarsInLog = 0;
		};
		332CEB2C6DEA6960E43A25DC /* [CP] Check Pods Manifest.lock */ = {
			isa = PBXShellScriptBuildPhase;
			buildActionMask = 2147483647;
			files = (
			);
			inputPaths = (
				"${PODS_PODFILE_DIR_PATH}/Podfile.lock",
				"${PODS_ROOT}/Manifest.lock",
			);
			name = "[CP] Check Pods Manifest.lock";
			outputPaths = (
				"$(DERIVED_FILE_DIR)/Pods-Norlife-checkManifestLockResult.txt",
			);
			runOnlyForDeploymentPostprocessing = 0;
			shellPath = /bin/sh;
			shellScript = "diff \"${PODS_PODFILE_DIR_PATH}/Podfile.lock\" \"${PODS_ROOT}/Manifest.lock\" > /dev/null\nif [ $? != 0 ] ; then\n    # print error to STDERR\n    echo \"error: The sandbox is not in sync with the Podfile.lock. Run 'pod install' or update your CocoaPods installation.\" >&2\n    exit 1\nfi\n# This output is used by Xcode 'outputs' to avoid re-running this script phase.\necho \"SUCCESS\" > \"${SCRIPT_OUTPUT_FILE_0}\"\n";
			showEnvVarsInLog = 0;
		};
		50A5C182DE743DA9A29A0433 /* [CP] Copy Pods Resources */ = {
			isa = PBXShellScriptBuildPhase;
			buildActionMask = 2147483647;
			files = (
			);
			inputPaths = (
			);
			name = "[CP] Copy Pods Resources";
			outputPaths = (
			);
			runOnlyForDeploymentPostprocessing = 0;
			shellPath = /bin/sh;
			shellScript = "\"${SRCROOT}/Pods/Target Support Files/Pods-NorlifeUITests/Pods-NorlifeUITests-resources.sh\"\n";
			showEnvVarsInLog = 0;
		};
		6AFEFA141F71EA3C4C0E9E15 /* [CP] Check Pods Manifest.lock */ = {
			isa = PBXShellScriptBuildPhase;
			buildActionMask = 2147483647;
			files = (
			);
			inputPaths = (
				"${PODS_PODFILE_DIR_PATH}/Podfile.lock",
				"${PODS_ROOT}/Manifest.lock",
			);
			name = "[CP] Check Pods Manifest.lock";
			outputPaths = (
				"$(DERIVED_FILE_DIR)/Pods-NorlifeUITests-checkManifestLockResult.txt",
			);
			runOnlyForDeploymentPostprocessing = 0;
			shellPath = /bin/sh;
			shellScript = "diff \"${PODS_PODFILE_DIR_PATH}/Podfile.lock\" \"${PODS_ROOT}/Manifest.lock\" > /dev/null\nif [ $? != 0 ] ; then\n    # print error to STDERR\n    echo \"error: The sandbox is not in sync with the Podfile.lock. Run 'pod install' or update your CocoaPods installation.\" >&2\n    exit 1\nfi\n# This output is used by Xcode 'outputs' to avoid re-running this script phase.\necho \"SUCCESS\" > \"${SCRIPT_OUTPUT_FILE_0}\"\n";
			showEnvVarsInLog = 0;
		};
		B9AF62CAFB648C22F96F2328 /* [CP] Embed Pods Frameworks */ = {
			isa = PBXShellScriptBuildPhase;
			buildActionMask = 2147483647;
			files = (
			);
			inputPaths = (
			);
			name = "[CP] Embed Pods Frameworks";
			outputPaths = (
			);
			runOnlyForDeploymentPostprocessing = 0;
			shellPath = /bin/sh;
			shellScript = "\"${SRCROOT}/Pods/Target Support Files/Pods-NorlifeUITests/Pods-NorlifeUITests-frameworks.sh\"\n";
			showEnvVarsInLog = 0;
		};
/* End PBXShellScriptBuildPhase section */

/* Begin PBXSourcesBuildPhase section */
		94A2B73B1FC89D2700B84598 /* Sources */ = {
			isa = PBXSourcesBuildPhase;
			buildActionMask = 2147483647;
			files = (
				94A2B7471FC89D2700B84598 /* ViewController.m in Sources */,
				946662171FC8B9350033D494 /* LocationDataManager.m in Sources */,
				94A2B7521FC89D2700B84598 /* main.m in Sources */,
				94259F8A1FC94AED0067320B /* UIColor+Norlife.m in Sources */,
				94259F831FC946460067320B /* TrendsScoreViewController.m in Sources */,
				94259F941FC957760067320B /* FoodClassifierHandler.m in Sources */,
				94A2B7441FC89D2700B84598 /* AppDelegate.m in Sources */,
				946662081FC89FFC0033D494 /* SOStepDetector.m in Sources */,
				94C220A91FC9AFB4009F696D /* WMGaugeViewStyleFlatThin.m in Sources */,
				946662111FC8AA8F0033D494 /* HealthKitDataManager.m in Sources */,
				94C220A81FC9AFB4009F696D /* WMGaugeViewStyle3D.m in Sources */,
				942244111FC9FD1B00A83A62 /* DailyFeedbackCollectionViewCell.m in Sources */,
				946662091FC89FFC0033D494 /* SOLocationManager.m in Sources */,
				94C220A71FC9AFB4009F696D /* WMGaugeView.m in Sources */,
				9466620E1FC8A32F0033D494 /* Constants.m in Sources */,
				9466620A1FC89FFC0033D494 /* SOMotionDetector.m in Sources */,
				94851B8E1FC9D207009E11B2 /* DailyScoreView.m in Sources */,
				94259F7E1FC944C70067320B /* DailyScoreViewController.m in Sources */,
			);
			runOnlyForDeploymentPostprocessing = 0;
		};
		94A2B7531FC89D2700B84598 /* Sources */ = {
			isa = PBXSourcesBuildPhase;
			buildActionMask = 2147483647;
			files = (
				94A2B75C1FC89D2700B84598 /* NorlifeUITests.m in Sources */,
			);
			runOnlyForDeploymentPostprocessing = 0;
		};
/* End PBXSourcesBuildPhase section */

/* Begin PBXTargetDependency section */
		94A2B7591FC89D2700B84598 /* PBXTargetDependency */ = {
			isa = PBXTargetDependency;
			target = 94A2B73E1FC89D2700B84598 /* Norlife */;
			targetProxy = 94A2B7581FC89D2700B84598 /* PBXContainerItemProxy */;
		};
/* End PBXTargetDependency section */

/* Begin PBXVariantGroup section */
		94A2B7481FC89D2700B84598 /* Main.storyboard */ = {
			isa = PBXVariantGroup;
			children = (
				94A2B7491FC89D2700B84598 /* Base */,
			);
			name = Main.storyboard;
			sourceTree = "<group>";
		};
		94A2B74D1FC89D2700B84598 /* LaunchScreen.storyboard */ = {
			isa = PBXVariantGroup;
			children = (
				94A2B74E1FC89D2700B84598 /* Base */,
			);
			name = LaunchScreen.storyboard;
			sourceTree = "<group>";
		};
/* End PBXVariantGroup section */

/* Begin XCBuildConfiguration section */
		94A2B75E1FC89D2700B84598 /* Debug */ = {
			isa = XCBuildConfiguration;
			buildSettings = {
				ALWAYS_SEARCH_USER_PATHS = NO;
				CLANG_ANALYZER_NONNULL = YES;
				CLANG_ANALYZER_NUMBER_OBJECT_CONVERSION = YES_AGGRESSIVE;
				CLANG_CXX_LANGUAGE_STANDARD = "gnu++14";
				CLANG_CXX_LIBRARY = "libc++";
				CLANG_ENABLE_MODULES = YES;
				CLANG_ENABLE_OBJC_ARC = YES;
				CLANG_WARN_BLOCK_CAPTURE_AUTORELEASING = YES;
				CLANG_WARN_BOOL_CONVERSION = YES;
				CLANG_WARN_COMMA = YES;
				CLANG_WARN_CONSTANT_CONVERSION = YES;
				CLANG_WARN_DIRECT_OBJC_ISA_USAGE = YES_ERROR;
				CLANG_WARN_DOCUMENTATION_COMMENTS = YES;
				CLANG_WARN_EMPTY_BODY = YES;
				CLANG_WARN_ENUM_CONVERSION = YES;
				CLANG_WARN_INFINITE_RECURSION = YES;
				CLANG_WARN_INT_CONVERSION = YES;
				CLANG_WARN_NON_LITERAL_NULL_CONVERSION = YES;
				CLANG_WARN_OBJC_LITERAL_CONVERSION = YES;
				CLANG_WARN_OBJC_ROOT_CLASS = YES_ERROR;
				CLANG_WARN_RANGE_LOOP_ANALYSIS = YES;
				CLANG_WARN_STRICT_PROTOTYPES = YES;
				CLANG_WARN_SUSPICIOUS_MOVE = YES;
				CLANG_WARN_UNGUARDED_AVAILABILITY = YES_AGGRESSIVE;
				CLANG_WARN_UNREACHABLE_CODE = YES;
				CLANG_WARN__DUPLICATE_METHOD_MATCH = YES;
				CODE_SIGN_IDENTITY = "iPhone Developer";
				COPY_PHASE_STRIP = NO;
				DEBUG_INFORMATION_FORMAT = dwarf;
				ENABLE_STRICT_OBJC_MSGSEND = YES;
				ENABLE_TESTABILITY = YES;
				GCC_C_LANGUAGE_STANDARD = gnu11;
				GCC_DYNAMIC_NO_PIC = NO;
				GCC_NO_COMMON_BLOCKS = NO;
				GCC_OPTIMIZATION_LEVEL = 0;
				GCC_PREPROCESSOR_DEFINITIONS = (
					"DEBUG=1",
					"$(inherited)",
				);
				GCC_WARN_64_TO_32_BIT_CONVERSION = YES;
				GCC_WARN_ABOUT_RETURN_TYPE = YES_ERROR;
				GCC_WARN_UNDECLARED_SELECTOR = YES;
				GCC_WARN_UNINITIALIZED_AUTOS = YES_AGGRESSIVE;
				GCC_WARN_UNUSED_FUNCTION = YES;
				GCC_WARN_UNUSED_VARIABLE = YES;
				IPHONEOS_DEPLOYMENT_TARGET = 11.1;
				MTL_ENABLE_DEBUG_INFO = YES;
				ONLY_ACTIVE_ARCH = YES;
				SDKROOT = iphoneos;
			};
			name = Debug;
		};
		94A2B75F1FC89D2700B84598 /* Release */ = {
			isa = XCBuildConfiguration;
			buildSettings = {
				ALWAYS_SEARCH_USER_PATHS = NO;
				CLANG_ANALYZER_NONNULL = YES;
				CLANG_ANALYZER_NUMBER_OBJECT_CONVERSION = YES_AGGRESSIVE;
				CLANG_CXX_LANGUAGE_STANDARD = "gnu++14";
				CLANG_CXX_LIBRARY = "libc++";
				CLANG_ENABLE_MODULES = YES;
				CLANG_ENABLE_OBJC_ARC = YES;
				CLANG_WARN_BLOCK_CAPTURE_AUTORELEASING = YES;
				CLANG_WARN_BOOL_CONVERSION = YES;
				CLANG_WARN_COMMA = YES;
				CLANG_WARN_CONSTANT_CONVERSION = YES;
				CLANG_WARN_DIRECT_OBJC_ISA_USAGE = YES_ERROR;
				CLANG_WARN_DOCUMENTATION_COMMENTS = YES;
				CLANG_WARN_EMPTY_BODY = YES;
				CLANG_WARN_ENUM_CONVERSION = YES;
				CLANG_WARN_INFINITE_RECURSION = YES;
				CLANG_WARN_INT_CONVERSION = YES;
				CLANG_WARN_NON_LITERAL_NULL_CONVERSION = YES;
				CLANG_WARN_OBJC_LITERAL_CONVERSION = YES;
				CLANG_WARN_OBJC_ROOT_CLASS = YES_ERROR;
				CLANG_WARN_RANGE_LOOP_ANALYSIS = YES;
				CLANG_WARN_STRICT_PROTOTYPES = YES;
				CLANG_WARN_SUSPICIOUS_MOVE = YES;
				CLANG_WARN_UNGUARDED_AVAILABILITY = YES_AGGRESSIVE;
				CLANG_WARN_UNREACHABLE_CODE = YES;
				CLANG_WARN__DUPLICATE_METHOD_MATCH = YES;
				CODE_SIGN_IDENTITY = "iPhone Developer";
				COPY_PHASE_STRIP = NO;
				DEBUG_INFORMATION_FORMAT = "dwarf-with-dsym";
				ENABLE_NS_ASSERTIONS = NO;
				ENABLE_STRICT_OBJC_MSGSEND = YES;
				GCC_C_LANGUAGE_STANDARD = gnu11;
				GCC_NO_COMMON_BLOCKS = NO;
				GCC_WARN_64_TO_32_BIT_CONVERSION = YES;
				GCC_WARN_ABOUT_RETURN_TYPE = YES_ERROR;
				GCC_WARN_UNDECLARED_SELECTOR = YES;
				GCC_WARN_UNINITIALIZED_AUTOS = YES_AGGRESSIVE;
				GCC_WARN_UNUSED_FUNCTION = YES;
				GCC_WARN_UNUSED_VARIABLE = YES;
				IPHONEOS_DEPLOYMENT_TARGET = 11.1;
				MTL_ENABLE_DEBUG_INFO = NO;
				SDKROOT = iphoneos;
				VALIDATE_PRODUCT = YES;
			};
			name = Release;
		};
		94A2B7611FC89D2700B84598 /* Debug */ = {
			isa = XCBuildConfiguration;
			baseConfigurationReference = 9BC903D39E2E479F8EBFC58C /* Pods-Norlife.debug.xcconfig */;
			buildSettings = {
				ASSETCATALOG_COMPILER_APPICON_NAME = AppIcon;
				CLANG_WARN_CONSTANT_CONVERSION = YES_ERROR;
				CODE_SIGN_ENTITLEMENTS = Norlife/Norlife.entitlements;
				CODE_SIGN_STYLE = Automatic;
				DEVELOPMENT_TEAM = Q7N3L673D8;
				INFOPLIST_FILE = Norlife/Info.plist;
				LD_RUNPATH_SEARCH_PATHS = "$(inherited) @executable_path/Frameworks";
				PRODUCT_BUNDLE_IDENTIFIER = com.ryan.Norlife;
				PRODUCT_NAME = "$(TARGET_NAME)";
				TARGETED_DEVICE_FAMILY = "1,2";
			};
			name = Debug;
		};
		94A2B7621FC89D2700B84598 /* Release */ = {
			isa = XCBuildConfiguration;
			baseConfigurationReference = 8B5E548F739D3192FACB1201 /* Pods-Norlife.release.xcconfig */;
			buildSettings = {
				ASSETCATALOG_COMPILER_APPICON_NAME = AppIcon;
				CLANG_WARN_CONSTANT_CONVERSION = YES_ERROR;
				CODE_SIGN_ENTITLEMENTS = Norlife/Norlife.entitlements;
				CODE_SIGN_STYLE = Automatic;
				DEVELOPMENT_TEAM = Q7N3L673D8;
				INFOPLIST_FILE = Norlife/Info.plist;
				LD_RUNPATH_SEARCH_PATHS = "$(inherited) @executable_path/Frameworks";
				PRODUCT_BUNDLE_IDENTIFIER = com.ryan.Norlife;
				PRODUCT_NAME = "$(TARGET_NAME)";
				TARGETED_DEVICE_FAMILY = "1,2";
			};
			name = Release;
		};
		94A2B7641FC89D2700B84598 /* Debug */ = {
			isa = XCBuildConfiguration;
			baseConfigurationReference = 493D2955C981D33144A12406 /* Pods-NorlifeUITests.debug.xcconfig */;
			buildSettings = {
				CODE_SIGN_STYLE = Automatic;
				DEVELOPMENT_TEAM = Q7N3L673D8;
				INFOPLIST_FILE = NorlifeUITests/Info.plist;
				LD_RUNPATH_SEARCH_PATHS = "$(inherited) @executable_path/Frameworks @loader_path/Frameworks";
				PRODUCT_BUNDLE_IDENTIFIER = com.ryan.NorlifeUITests;
				PRODUCT_NAME = "$(TARGET_NAME)";
				TARGETED_DEVICE_FAMILY = "1,2";
				TEST_TARGET_NAME = Norlife;
			};
			name = Debug;
		};
		94A2B7651FC89D2700B84598 /* Release */ = {
			isa = XCBuildConfiguration;
			baseConfigurationReference = 0A49AABB0AEB17ED254D924F /* Pods-NorlifeUITests.release.xcconfig */;
			buildSettings = {
				CODE_SIGN_STYLE = Automatic;
				DEVELOPMENT_TEAM = Q7N3L673D8;
				INFOPLIST_FILE = NorlifeUITests/Info.plist;
				LD_RUNPATH_SEARCH_PATHS = "$(inherited) @executable_path/Frameworks @loader_path/Frameworks";
				PRODUCT_BUNDLE_IDENTIFIER = com.ryan.NorlifeUITests;
				PRODUCT_NAME = "$(TARGET_NAME)";
				TARGETED_DEVICE_FAMILY = "1,2";
				TEST_TARGET_NAME = Norlife;
			};
			name = Release;
		};
/* End XCBuildConfiguration section */

/* Begin XCConfigurationList section */
		94A2B73A1FC89D2700B84598 /* Build configuration list for PBXProject "Norlife" */ = {
			isa = XCConfigurationList;
			buildConfigurations = (
				94A2B75E1FC89D2700B84598 /* Debug */,
				94A2B75F1FC89D2700B84598 /* Release */,
			);
			defaultConfigurationIsVisible = 0;
			defaultConfigurationName = Release;
		};
		94A2B7601FC89D2700B84598 /* Build configuration list for PBXNativeTarget "Norlife" */ = {
			isa = XCConfigurationList;
			buildConfigurations = (
				94A2B7611FC89D2700B84598 /* Debug */,
				94A2B7621FC89D2700B84598 /* Release */,
			);
			defaultConfigurationIsVisible = 0;
			defaultConfigurationName = Release;
		};
		94A2B7631FC89D2700B84598 /* Build configuration list for PBXNativeTarget "NorlifeUITests" */ = {
			isa = XCConfigurationList;
			buildConfigurations = (
				94A2B7641FC89D2700B84598 /* Debug */,
				94A2B7651FC89D2700B84598 /* Release */,
			);
			defaultConfigurationIsVisible = 0;
			defaultConfigurationName = Release;
		};
/* End XCConfigurationList section */
	};
	rootObject = 94A2B7371FC89D2700B84598 /* Project object */;
}
